// !$*UTF8*$!
{
	archiveVersion = 1;
	classes = {
	};
	objectVersion = 56;
	objects = {

/* Begin PBXBuildFile section */
		19C722BD29CAFACC007FAA54 /* URLPracticeApp.swift in Sources */ = {isa = PBXBuildFile; fileRef = 19C722BC29CAFACC007FAA54 /* URLPracticeApp.swift */; };
		19C722BF29CAFACC007FAA54 /* ContentView.swift in Sources */ = {isa = PBXBuildFile; fileRef = 19C722BE29CAFACC007FAA54 /* ContentView.swift */; };
		19C722C129CAFACD007FAA54 /* Assets.xcassets in Resources */ = {isa = PBXBuildFile; fileRef = 19C722C029CAFACD007FAA54 /* Assets.xcassets */; };
		19C722C429CAFACD007FAA54 /* Preview Assets.xcassets in Resources */ = {isa = PBXBuildFile; fileRef = 19C722C329CAFACD007FAA54 /* Preview Assets.xcassets */; };
		19C722CC29CAFC09007FAA54 /* NetworkManager.swift in Sources */ = {isa = PBXBuildFile; fileRef = 19C722CB29CAFC09007FAA54 /* NetworkManager.swift */; };
		19C722CE29CAFC30007FAA54 /* BeerData.swift in Sources */ = {isa = PBXBuildFile; fileRef = 19C722CD29CAFC30007FAA54 /* BeerData.swift */; };
		19C722D129CB4F6C007FAA54 /* DetailView.swift in Sources */ = {isa = PBXBuildFile; fileRef = 19C722D029CB4F6C007FAA54 /* DetailView.swift */; };
		19C722D329CB5C7B007FAA54 /* ListView.swift in Sources */ = {isa = PBXBuildFile; fileRef = 19C722D229CB5C7B007FAA54 /* ListView.swift */; };
/* End PBXBuildFile section */

/* Begin PBXFileReference section */
		19C722B929CAFACC007FAA54 /* URLPractice.app */ = {isa = PBXFileReference; explicitFileType = wrapper.application; includeInIndex = 0; path = URLPractice.app; sourceTree = BUILT_PRODUCTS_DIR; };
		19C722BC29CAFACC007FAA54 /* URLPracticeApp.swift */ = {isa = PBXFileReference; lastKnownFileType = sourcecode.swift; path = URLPracticeApp.swift; sourceTree = "<group>"; };
		19C722BE29CAFACC007FAA54 /* ContentView.swift */ = {isa = PBXFileReference; lastKnownFileType = sourcecode.swift; path = ContentView.swift; sourceTree = "<group>"; };
		19C722C029CAFACD007FAA54 /* Assets.xcassets */ = {isa = PBXFileReference; lastKnownFileType = folder.assetcatalog; path = Assets.xcassets; sourceTree = "<group>"; };
		19C722C329CAFACD007FAA54 /* Preview Assets.xcassets */ = {isa = PBXFileReference; lastKnownFileType = folder.assetcatalog; path = "Preview Assets.xcassets"; sourceTree = "<group>"; };
		19C722CB29CAFC09007FAA54 /* NetworkManager.swift */ = {isa = PBXFileReference; lastKnownFileType = sourcecode.swift; path = NetworkManager.swift; sourceTree = "<group>"; };
		19C722CD29CAFC30007FAA54 /* BeerData.swift */ = {isa = PBXFileReference; lastKnownFileType = sourcecode.swift; path = BeerData.swift; sourceTree = "<group>"; };
		19C722D029CB4F6C007FAA54 /* DetailView.swift */ = {isa = PBXFileReference; lastKnownFileType = sourcecode.swift; path = DetailView.swift; sourceTree = "<group>"; };
		19C722D229CB5C7B007FAA54 /* ListView.swift */ = {isa = PBXFileReference; lastKnownFileType = sourcecode.swift; path = ListView.swift; sourceTree = "<group>"; };
/* End PBXFileReference section */

/* Begin PBXFrameworksBuildPhase section */
		19C722B629CAFACC007FAA54 /* Frameworks */ = {
			isa = PBXFrameworksBuildPhase;
			buildActionMask = 2147483647;
			files = (
			);
			runOnlyForDeploymentPostprocessing = 0;
		};
/* End PBXFrameworksBuildPhase section */

/* Begin PBXGroup section */
		19C722B029CAFACC007FAA54 = {
			isa = PBXGroup;
			children = (
				19C722BB29CAFACC007FAA54 /* URLPractice */,
				19C722BA29CAFACC007FAA54 /* Products */,
			);
			sourceTree = "<group>";
		};
		19C722BA29CAFACC007FAA54 /* Products */ = {
			isa = PBXGroup;
			children = (
				19C722B929CAFACC007FAA54 /* URLPractice.app */,
			);
			name = Products;
			sourceTree = "<group>";
		};
		19C722BB29CAFACC007FAA54 /* URLPractice */ = {
			isa = PBXGroup;
			children = (
				19C722BC29CAFACC007FAA54 /* URLPracticeApp.swift */,
				19C722BE29CAFACC007FAA54 /* ContentView.swift */,
				19C722CF29CB4F58007FAA54 /* View */,
				19C722CA29CAFBF7007FAA54 /* Model */,
				19C722C029CAFACD007FAA54 /* Assets.xcassets */,
				19C722C229CAFACD007FAA54 /* Preview Content */,
			);
			path = URLPractice;
			sourceTree = "<group>";
		};
		19C722C229CAFACD007FAA54 /* Preview Content */ = {
			isa = PBXGroup;
			children = (
				19C722C329CAFACD007FAA54 /* Preview Assets.xcassets */,
			);
			path = "Preview Content";
			sourceTree = "<group>";
		};
		19C722CA29CAFBF7007FAA54 /* Model */ = {
			isa = PBXGroup;
			children = (
				19C722CB29CAFC09007FAA54 /* NetworkManager.swift */,
				19C722CD29CAFC30007FAA54 /* BeerData.swift */,
			);
			path = Model;
			sourceTree = "<group>";
		};
		19C722CF29CB4F58007FAA54 /* View */ = {
			isa = PBXGroup;
			children = (
				19C722D229CB5C7B007FAA54 /* ListView.swift */,
				19C722D029CB4F6C007FAA54 /* DetailView.swift */,
			);
			path = View;
			sourceTree = "<group>";
		};
/* End PBXGroup section */

/* Begin PBXNativeTarget section */
		19C722B829CAFACC007FAA54 /* URLPractice */ = {
			isa = PBXNativeTarget;
			buildConfigurationList = 19C722C729CAFACD007FAA54 /* Build configuration list for PBXNativeTarget "URLPractice" */;
			buildPhases = (
				19C722B529CAFACC007FAA54 /* Sources */,
				19C722B629CAFACC007FAA54 /* Frameworks */,
				19C722B729CAFACC007FAA54 /* Resources */,
			);
			buildRules = (
			);
			dependencies = (
			);
			name = URLPractice;
			productName = URLPractice;
			productReference = 19C722B929CAFACC007FAA54 /* URLPractice.app */;
			productType = "com.apple.product-type.application";
		};
/* End PBXNativeTarget section */

/* Begin PBXProject section */
		19C722B129CAFACC007FAA54 /* Project object */ = {
			isa = PBXProject;
			attributes = {
				BuildIndependentTargetsInParallel = 1;
				LastSwiftUpdateCheck = 1420;
				LastUpgradeCheck = 1420;
				TargetAttributes = {
					19C722B829CAFACC007FAA54 = {
						CreatedOnToolsVersion = 14.2;
					};
				};
			};
			buildConfigurationList = 19C722B429CAFACC007FAA54 /* Build configuration list for PBXProject "URLPractice" */;
			compatibilityVersion = "Xcode 14.0";
			developmentRegion = en;
			hasScannedForEncodings = 0;
			knownRegions = (
				en,
				Base,
			);
			mainGroup = 19C722B029CAFACC007FAA54;
			productRefGroup = 19C722BA29CAFACC007FAA54 /* Products */;
			projectDirPath = "";
			projectRoot = "";
			targets = (
				19C722B829CAFACC007FAA54 /* URLPractice */,
			);
		};
/* End PBXProject section */

/* Begin PBXResourcesBuildPhase section */
		19C722B729CAFACC007FAA54 /* Resources */ = {
			isa = PBXResourcesBuildPhase;
			buildActionMask = 2147483647;
			files = (
				19C722C429CAFACD007FAA54 /* Preview Assets.xcassets in Resources */,
				19C722C129CAFACD007FAA54 /* Assets.xcassets in Resources */,
			);
			runOnlyForDeploymentPostprocessing = 0;
		};
/* End PBXResourcesBuildPhase section */

/* Begin PBXSourcesBuildPhase section */
		19C722B529CAFACC007FAA54 /* Sources */ = {
			isa = PBXSourcesBuildPhase;
			buildActionMask = 2147483647;
			files = (
				19C722CC29CAFC09007FAA54 /* NetworkManager.swift in Sources */,
				19C722CE29CAFC30007FAA54 /* BeerData.swift in Sources */,
				19C722D329CB5C7B007FAA54 /* ListView.swift in Sources */,
				19C722BF29CAFACC007FAA54 /* ContentView.swift in Sources */,
				19C722D129CB4F6C007FAA54 /* DetailView.swift in Sources */,
				19C722BD29CAFACC007FAA54 /* URLPracticeApp.swift in Sources */,
			);
			runOnlyForDeploymentPostprocessing = 0;
		};
/* End PBXSourcesBuildPhase section */

/* Begin XCBuildConfiguration section */
		19C722C529CAFACD007FAA54 /* Debug */ = {
			isa = XCBuildConfiguration;
			buildSettings = {
				ALWAYS_SEARCH_USER_PATHS = NO;
				CLANG_ANALYZER_NONNULL = YES;
				CLANG_ANALYZER_NUMBER_OBJECT_CONVERSION = YES_AGGRESSIVE;
				CLANG_CXX_LANGUAGE_STANDARD = "gnu++20";
				CLANG_ENABLE_MODULES = YES;
				CLANG_ENABLE_OBJC_ARC = YES;
				CLANG_ENABLE_OBJC_WEAK = YES;
				CLANG_WARN_BLOCK_CAPTURE_AUTORELEASING = YES;
				CLANG_WARN_BOOL_CONVERSION = YES;
				CLANG_WARN_COMMA = YES;
				CLANG_WARN_CONSTANT_CONVERSION = YES;
				CLANG_WARN_DEPRECATED_OBJC_IMPLEMENTATIONS = YES;
				CLANG_WARN_DIRECT_OBJC_ISA_USAGE = YES_ERROR;
				CLANG_WARN_DOCUMENTATION_COMMENTS = YES;
				CLANG_WARN_EMPTY_BODY = YES;
				CLANG_WARN_ENUM_CONVERSION = YES;
				CLANG_WARN_INFINITE_RECURSION = YES;
				CLANG_WARN_INT_CONVERSION = YES;
				CLANG_WARN_NON_LITERAL_NULL_CONVERSION = YES;
				CLANG_WARN_OBJC_IMPLICIT_RETAIN_SELF = YES;
				CLANG_WARN_OBJC_LITERAL_CONVERSION = YES;
				CLANG_WARN_OBJC_ROOT_CLASS = YES_ERROR;
				CLANG_WARN_QUOTED_INCLUDE_IN_FRAMEWORK_HEADER = YES;
				CLANG_WARN_RANGE_LOOP_ANALYSIS = YES;
				CLANG_WARN_STRICT_PROTOTYPES = YES;
				CLANG_WARN_SUSPICIOUS_MOVE = YES;
				CLANG_WARN_UNGUARDED_AVAILABILITY = YES_AGGRESSIVE;
				CLANG_WARN_UNREACHABLE_CODE = YES;
				CLANG_WARN__DUPLICATE_METHOD_MATCH = YES;
				COPY_PHASE_STRIP = NO;
				DEBUG_INFORMATION_FORMAT = dwarf;
				ENABLE_STRICT_OBJC_MSGSEND = YES;
				ENABLE_TESTABILITY = YES;
				GCC_C_LANGUAGE_STANDARD = gnu11;
				GCC_DYNAMIC_NO_PIC = NO;
				GCC_NO_COMMON_BLOCKS = YES;
				GCC_OPTIMIZATION_LEVEL = 0;
				GCC_PREPROCESSOR_DEFINITIONS = (
					"DEBUG=1",
					"$(inherited)",
				);
				GCC_WARN_64_TO_32_BIT_CONVERSION = YES;
				GCC_WARN_ABOUT_RETURN_TYPE = YES_ERROR;
				GCC_WARN_UNDECLARED_SELECTOR = YES;
				GCC_WARN_UNINITIALIZED_AUTOS = YES_AGGRESSIVE;
				GCC_WARN_UNUSED_FUNCTION = YES;
				GCC_WARN_UNUSED_VARIABLE = YES;
				IPHONEOS_DEPLOYMENT_TARGET = 16.2;
				MTL_ENABLE_DEBUG_INFO = INCLUDE_SOURCE;
				MTL_FAST_MATH = YES;
				ONLY_ACTIVE_ARCH = YES;
				SDKROOT = iphoneos;
				SWIFT_ACTIVE_COMPILATION_CONDITIONS = DEBUG;
				SWIFT_OPTIMIZATION_LEVEL = "-Onone";
			};
			name = Debug;
		};
		19C722C629CAFACD007FAA54 /* Release */ = {
			isa = XCBuildConfiguration;
			buildSettings = {
				ALWAYS_SEARCH_USER_PATHS = NO;
				CLANG_ANALYZER_NONNULL = YES;
				CLANG_ANALYZER_NUMBER_OBJECT_CONVERSION = YES_AGGRESSIVE;
				CLANG_CXX_LANGUAGE_STANDARD = "gnu++20";
				CLANG_ENABLE_MODULES = YES;
				CLANG_ENABLE_OBJC_ARC = YES;
				CLANG_ENABLE_OBJC_WEAK = YES;
				CLANG_WARN_BLOCK_CAPTURE_AUTORELEASING = YES;
				CLANG_WARN_BOOL_CONVERSION = YES;
				CLANG_WARN_COMMA = YES;
				CLANG_WARN_CONSTANT_CONVERSION = YES;
				CLANG_WARN_DEPRECATED_OBJC_IMPLEMENTATIONS = YES;
				CLANG_WARN_DIRECT_OBJC_ISA_USAGE = YES_ERROR;
				CLANG_WARN_DOCUMENTATION_COMMENTS = YES;
				CLANG_WARN_EMPTY_BODY = YES;
				CLANG_WARN_ENUM_CONVERSION = YES;
				CLANG_WARN_INFINITE_RECURSION = YES;
				CLANG_WARN_INT_CONVERSION = YES;
				CLANG_WARN_NON_LITERAL_NULL_CONVERSION = YES;
				CLANG_WARN_OBJC_IMPLICIT_RETAIN_SELF = YES;
				CLANG_WARN_OBJC_LITERAL_CONVERSION = YES;
				CLANG_WARN_OBJC_ROOT_CLASS = YES_ERROR;
				CLANG_WARN_QUOTED_INCLUDE_IN_FRAMEWORK_HEADER = YES;
				CLANG_WARN_RANGE_LOOP_ANALYSIS = YES;
				CLANG_WARN_STRICT_PROTOTYPES = YES;
				CLANG_WARN_SUSPICIOUS_MOVE = YES;
				CLANG_WARN_UNGUARDED_AVAILABILITY = YES_AGGRESSIVE;
				CLANG_WARN_UNREACHABLE_CODE = YES;
				CLANG_WARN__DUPLICATE_METHOD_MATCH = YES;
				COPY_PHASE_STRIP = NO;
				DEBUG_INFORMATION_FORMAT = "dwarf-with-dsym";
				ENABLE_NS_ASSERTIONS = NO;
				ENABLE_STRICT_OBJC_MSGSEND = YES;
				GCC_C_LANGUAGE_STANDARD = gnu11;
				GCC_NO_COMMON_BLOCKS = YES;
				GCC_WARN_64_TO_32_BIT_CONVERSION = YES;
				GCC_WARN_ABOUT_RETURN_TYPE = YES_ERROR;
				GCC_WARN_UNDECLARED_SELECTOR = YES;
				GCC_WARN_UNINITIALIZED_AUTOS = YES_AGGRESSIVE;
				GCC_WARN_UNUSED_FUNCTION = YES;
				GCC_WARN_UNUSED_VARIABLE = YES;
				IPHONEOS_DEPLOYMENT_TARGET = 16.2;
				MTL_ENABLE_DEBUG_INFO = NO;
				MTL_FAST_MATH = YES;
				SDKROOT = iphoneos;
				SWIFT_COMPILATION_MODE = wholemodule;
				SWIFT_OPTIMIZATION_LEVEL = "-O";
				VALIDATE_PRODUCT = YES;
			};
			name = Release;
		};
		19C722C829CAFACD007FAA54 /* Debug */ = {
			isa = XCBuildConfiguration;
			buildSettings = {
				ASSETCATALOG_COMPILER_APPICON_NAME = AppIcon;
				ASSETCATALOG_COMPILER_GLOBAL_ACCENT_COLOR_NAME = AccentColor;
				CODE_SIGN_STYLE = Automatic;
				CURRENT_PROJECT_VERSION = 1;
				DEVELOPMENT_ASSET_PATHS = "\"URLPractice/Preview Content\"";
				DEVELOPMENT_TEAM = T9JHM99P78;
				ENABLE_PREVIEWS = YES;
				GENERATE_INFOPLIST_FILE = YES;
				INFOPLIST_KEY_UIApplicationSceneManifest_Generation = YES;
				INFOPLIST_KEY_UIApplicationSupportsIndirectInputEvents = YES;
				INFOPLIST_KEY_UILaunchScreen_Generation = YES;
				INFOPLIST_KEY_UISupportedInterfaceOrientations_iPad = "UIInterfaceOrientationPortrait UIInterfaceOrientationPortraitUpsideDown UIInterfaceOrientationLandscapeLeft UIInterfaceOrientationLandscapeRight";
				INFOPLIST_KEY_UISupportedInterfaceOrientations_iPhone = "UIInterfaceOrientationPortrait UIInterfaceOrientationLandscapeLeft UIInterfaceOrientationLandscapeRight";
				LD_RUNPATH_SEARCH_PATHS = (
					"$(inherited)",
					"@executable_path/Frameworks",
				);
				MARKETING_VERSION = 1.0;
				PRODUCT_BUNDLE_IDENTIFIER = jiajiatao.com.URLPractice;
				PRODUCT_NAME = "$(TARGET_NAME)";
				SWIFT_EMIT_LOC_STRINGS = YES;
				SWIFT_VERSION = 5.0;
				TARGETED_DEVICE_FAMILY = "1,2";
			};
			name = Debug;
		};
		19C722C929CAFACD007FAA54 /* Release */ = {
			isa = XCBuildConfiguration;
			buildSettings = {
				ASSETCATALOG_COMPILER_APPICON_NAME = AppIcon;
				ASSETCATALOG_COMPILER_GLOBAL_ACCENT_COLOR_NAME = AccentColor;
				CODE_SIGN_STYLE = Automatic;
				CURRENT_PROJECT_VERSION = 1;
				DEVELOPMENT_ASSET_PATHS = "\"URLPractice/Preview Content\"";
				DEVELOPMENT_TEAM = T9JHM99P78;
				ENABLE_PREVIEWS = YES;
				GENERATE_INFOPLIST_FILE = YES;
				INFOPLIST_KEY_UIApplicationSceneManifest_Generation = YES;
				INFOPLIST_KEY_UIApplicationSupportsIndirectInputEvents = YES;
				INFOPLIST_KEY_UILaunchScreen_Generation = YES;
				INFOPLIST_KEY_UISupportedInterfaceOrientations_iPad = "UIInterfaceOrientationPortrait UIInterfaceOrientationPortraitUpsideDown UIInterfaceOrientationLandscapeLeft UIInterfaceOrientationLandscapeRight";
				INFOPLIST_KEY_UISupportedInterfaceOrientations_iPhone = "UIInterfaceOrientationPortrait UIInterfaceOrientationLandscapeLeft UIInterfaceOrientationLandscapeRight";
				LD_RUNPATH_SEARCH_PATHS = (
					"$(inherited)",
					"@executable_path/Frameworks",
				);
				MARKETING_VERSION = 1.0;
				PRODUCT_BUNDLE_IDENTIFIER = jiajiatao.com.URLPractice;
				PRODUCT_NAME = "$(TARGET_NAME)";
				SWIFT_EMIT_LOC_STRINGS = YES;
				SWIFT_VERSION = 5.0;
				TARGETED_DEVICE_FAMILY = "1,2";
			};
			name = Release;
		};
/* End XCBuildConfiguration section */

/* Begin XCConfigurationList section */
		19C722B429CAFACC007FAA54 /* Build configuration list for PBXProject "URLPractice" */ = {
			isa = XCConfigurationList;
			buildConfigurations = (
				19C722C529CAFACD007FAA54 /* Debug */,
				19C722C629CAFACD007FAA54 /* Release */,
			);
			defaultConfigurationIsVisible = 0;
			defaultConfigurationName = Release;
		};
		19C722C729CAFACD007FAA54 /* Build configuration list for PBXNativeTarget "URLPractice" */ = {
			isa = XCConfigurationList;
			buildConfigurations = (
				19C722C829CAFACD007FAA54 /* Debug */,
				19C722C929CAFACD007FAA54 /* Release */,
			);
			defaultConfigurationIsVisible = 0;
			defaultConfigurationName = Release;
		};
/* End XCConfigurationList section */
	};
	rootObject = 19C722B129CAFACC007FAA54 /* Project object */;
}
